// !$*UTF8*$!
{
	archiveVersion = 1;
	classes = {
	};
	objectVersion = 46;
	objects = {

/* Begin PBXBuildFile section */
		214FEBAD1F3371CB00BC322D /* AppDelegate.swift in Sources */ = {isa = PBXBuildFile; fileRef = 214FEBAC1F3371CB00BC322D /* AppDelegate.swift */; };
		214FEBAF1F3371CB00BC322D /* ViewController.swift in Sources */ = {isa = PBXBuildFile; fileRef = 214FEBAE1F3371CB00BC322D /* ViewController.swift */; };
		214FEBB21F3371CB00BC322D /* Main.storyboard in Resources */ = {isa = PBXBuildFile; fileRef = 214FEBB01F3371CB00BC322D /* Main.storyboard */; };
		214FEBB41F3371CB00BC322D /* Assets.xcassets in Resources */ = {isa = PBXBuildFile; fileRef = 214FEBB31F3371CB00BC322D /* Assets.xcassets */; };
		214FEBB71F3371CB00BC322D /* LaunchScreen.storyboard in Resources */ = {isa = PBXBuildFile; fileRef = 214FEBB51F3371CB00BC322D /* LaunchScreen.storyboard */; };
/* End PBXBuildFile section */

/* Begin PBXFileReference section */
		214FEBA91F3371CB00BC322D /* MiraclePills.app */ = {isa = PBXFileReference; explicitFileType = wrapper.application; includeInIndex = 0; path = MiraclePills.app; sourceTree = BUILT_PRODUCTS_DIR; };
		214FEBAC1F3371CB00BC322D /* AppDelegate.swift */ = {isa = PBXFileReference; lastKnownFileType = sourcecode.swift; path = AppDelegate.swift; sourceTree = "<group>"; };
		214FEBAE1F3371CB00BC322D /* ViewController.swift */ = {isa = PBXFileReference; lastKnownFileType = sourcecode.swift; path = ViewController.swift; sourceTree = "<group>"; };
		214FEBB11F3371CB00BC322D /* Base */ = {isa = PBXFileReference; lastKnownFileType = file.storyboard; name = Base; path = Base.lproj/Main.storyboard; sourceTree = "<group>"; };
		214FEBB31F3371CB00BC322D /* Assets.xcassets */ = {isa = PBXFileReference; lastKnownFileType = folder.assetcatalog; path = Assets.xcassets; sourceTree = "<group>"; };
		214FEBB61F3371CB00BC322D /* Base */ = {isa = PBXFileReference; lastKnownFileType = file.storyboard; name = Base; path = Base.lproj/LaunchScreen.storyboard; sourceTree = "<group>"; };
		214FEBB81F3371CB00BC322D /* Info.plist */ = {isa = PBXFileReference; lastKnownFileType = text.plist.xml; path = Info.plist; sourceTree = "<group>"; };
/* End PBXFileReference section */

/* Begin PBXFrameworksBuildPhase section */
		214FEBA61F3371CB00BC322D /* Frameworks */ = {
			isa = PBXFrameworksBuildPhase;
			buildActionMask = 2147483647;
			files = (
			);
			runOnlyForDeploymentPostprocessing = 0;
		};
/* End PBXFrameworksBuildPhase section */

/* Begin PBXGroup section */
		214FEBA01F3371CB00BC322D = {
			isa = PBXGroup;
			children = (
				214FEBAB1F3371CB00BC322D /* MiraclePills */,
				214FEBAA1F3371CB00BC322D /* Products */,
			);
			sourceTree = "<group>";
		};
		214FEBAA1F3371CB00BC322D /* Products */ = {
			isa = PBXGroup;
			children = (
				214FEBA91F3371CB00BC322D /* MiraclePills.app */,
			);
			name = Products;
			sourceTree = "<group>";
		};
		214FEBAB1F3371CB00BC322D /* MiraclePills */ = {
			isa = PBXGroup;
			children = (
				214FEBAC1F3371CB00BC322D /* AppDelegate.swift */,
				214FEBAE1F3371CB00BC322D /* ViewController.swift */,
				214FEBB01F3371CB00BC322D /* Main.storyboard */,
				214FEBB31F3371CB00BC322D /* Assets.xcassets */,
				214FEBB51F3371CB00BC322D /* LaunchScreen.storyboard */,
				214FEBB81F3371CB00BC322D /* Info.plist */,
			);
			path = MiraclePills;
			sourceTree = "<group>";
		};
/* End PBXGroup section */

/* Begin PBXNativeTarget section */
		214FEBA81F3371CB00BC322D /* MiraclePills */ = {
			isa = PBXNativeTarget;
			buildConfigurationList = 214FEBBB1F3371CB00BC322D /* Build configuration list for PBXNativeTarget "MiraclePills" */;
			buildPhases = (
				214FEBA51F3371CB00BC322D /* Sources */,
				214FEBA61F3371CB00BC322D /* Frameworks */,
				214FEBA71F3371CB00BC322D /* Resources */,
			);
			buildRules = (
			);
			dependencies = (
			);
			name = MiraclePills;
			productName = MiraclePills;
			productReference = 214FEBA91F3371CB00BC322D /* MiraclePills.app */;
			productType = "com.apple.product-type.application";
		};
/* End PBXNativeTarget section */

/* Begin PBXProject section */
		214FEBA11F3371CB00BC322D /* Project object */ = {
			isa = PBXProject;
			attributes = {
				LastSwiftUpdateCheck = 0830;
				LastUpgradeCheck = 0830;
				ORGANIZATIONNAME = "Belma Ibrahimbas";
				TargetAttributes = {
					214FEBA81F3371CB00BC322D = {
						CreatedOnToolsVersion = 8.3.3;
						DevelopmentTeam = 77PRV5J86U;
						ProvisioningStyle = Automatic;
					};
				};
			};
			buildConfigurationList = 214FEBA41F3371CB00BC322D /* Build configuration list for PBXProject "MiraclePills" */;
			compatibilityVersion = "Xcode 3.2";
			developmentRegion = English;
			hasScannedForEncodings = 0;
			knownRegions = (
				en,
				Base,
			);
			mainGroup = 214FEBA01F3371CB00BC322D;
			productRefGroup = 214FEBAA1F3371CB00BC322D /* Products */;
			projectDirPath = "";
			projectRoot = "";
			targets = (
				214FEBA81F3371CB00BC322D /* MiraclePills */,
			);
		};
/* End PBXProject section */

/* Begin PBXResourcesBuildPhase section */
		214FEBA71F3371CB00BC322D /* Resources */ = {
			isa = PBXResourcesBuildPhase;
			buildActionMask = 2147483647;
			files = (
				214FEBB71F3371CB00BC322D /* LaunchScreen.storyboard in Resources */,
				214FEBB41F3371CB00BC322D /* Assets.xcassets in Resources */,
				214FEBB21F3371CB00BC322D /* Main.storyboard in Resources */,
			);
			runOnlyForDeploymentPostprocessing = 0;
		};
/* End PBXResourcesBuildPhase section */

/* Begin PBXSourcesBuildPhase section */
		214FEBA51F3371CB00BC322D /* Sources */ = {
			isa = PBXSourcesBuildPhase;
			buildActionMask = 2147483647;
			files = (
				214FEBAF1F3371CB00BC322D /* ViewController.swift in Sources */,
				214FEBAD1F3371CB00BC322D /* AppDelegate.swift in Sources */,
			);
			runOnlyForDeploymentPostprocessing = 0;
		};
/* End PBXSourcesBuildPhase section */

/* Begin PBXVariantGroup section */
		214FEBB01F3371CB00BC322D /* Main.storyboard */ = {
			isa = PBXVariantGroup;
			children = (
				214FEBB11F3371CB00BC322D /* Base */,
			);
			name = Main.storyboard;
			sourceTree = "<group>";
		};
		214FEBB51F3371CB00BC322D /* LaunchScreen.storyboard */ = {
			isa = PBXVariantGroup;
			children = (
				214FEBB61F3371CB00BC322D /* Base */,
			);
			name = LaunchScreen.storyboard;
			sourceTree = "<group>";
		};
/* End PBXVariantGroup section */

/* Begin XCBuildConfiguration section */
		214FEBB91F3371CB00BC322D /* Debug */ = {
			isa = XCBuildConfiguration;
			buildSettings = {
				ALWAYS_SEARCH_USER_PATHS = NO;
				CLANG_ANALYZER_NONNULL = YES;
				CLANG_ANALYZER_NUMBER_OBJECT_CONVERSION = YES_AGGRESSIVE;
				CLANG_CXX_LANGUAGE_STANDARD = "gnu++0x";
				CLANG_CXX_LIBRARY = "libc++";
				CLANG_ENABLE_MODULES = YES;
				CLANG_ENABLE_OBJC_ARC = YES;
				CLANG_WARN_BOOL_CONVERSION = YES;
				CLANG_WARN_CONSTANT_CONVERSION = YES;
				CLANG_WARN_DIRECT_OBJC_ISA_USAGE = YES_ERROR;
				CLANG_WARN_DOCUMENTATION_COMMENTS = YES;
				CLANG_WARN_EMPTY_BODY = YES;
				CLANG_WARN_ENUM_CONVERSION = YES;
				CLANG_WARN_INFINITE_RECURSION = YES;
				CLANG_WARN_INT_CONVERSION = YES;
				CLANG_WARN_OBJC_ROOT_CLASS = YES_ERROR;
				CLANG_WARN_SUSPICIOUS_MOVE = YES;
				CLANG_WARN_UNREACHABLE_CODE = YES;
				CLANG_WARN__DUPLICATE_METHOD_MATCH = YES;
				"CODE_SIGN_IDENTITY[sdk=iphoneos*]" = "iPhone Developer";
				COPY_PHASE_STRIP = NO;
				DEBUG_INFORMATION_FORMAT = dwarf;
				ENABLE_STRICT_OBJC_MSGSEND = YES;
				ENABLE_TESTABILITY = YES;
				GCC_C_LANGUAGE_STANDARD = gnu99;
				GCC_DYNAMIC_NO_PIC = NO;
				GCC_NO_COMMON_BLOCKS = YES;
				GCC_OPTIMIZATION_LEVEL = 0;
				GCC_PREPROCESSOR_DEFINITIONS = (
					"DEBUG=1",
					"$(inherited)",
				);
				GCC_WARN_64_TO_32_BIT_CONVERSION = YES;
				GCC_WARN_ABOUT_RETURN_TYPE = YES_ERROR;
				GCC_WARN_UNDECLARED_SELECTOR = YES;
				GCC_WARN_UNINITIALIZED_AUTOS = YES_AGGRESSIVE;
				GCC_WARN_UNUSED_FUNCTION = YES;
				GCC_WARN_UNUSED_VARIABLE = YES;
				IPHONEOS_DEPLOYMENT_TARGET = 10.3;
				MTL_ENABLE_DEBUG_INFO = YES;
				ONLY_ACTIVE_ARCH = YES;
				SDKROOT = iphoneos;
				SWIFT_ACTIVE_COMPILATION_CONDITIONS = DEBUG;
				SWIFT_OPTIMIZATION_LEVEL = "-Onone";
				TARGETED_DEVICE_FAMILY = "1,2";
			};
			name = Debug;
		};
		214FEBBA1F3371CB00BC322D /* Release */ = {
			isa = XCBuildConfiguration;
			buildSettings = {
				ALWAYS_SEARCH_USER_PATHS = NO;
				CLANG_ANALYZER_NONNULL = YES;
				CLANG_ANALYZER_NUMBER_OBJECT_CONVERSION = YES_AGGRESSIVE;
				CLANG_CXX_LANGUAGE_STANDARD = "gnu++0x";
				CLANG_CXX_LIBRARY = "libc++";
				CLANG_ENABLE_MODULES = YES;
				CLANG_ENABLE_OBJC_ARC = YES;
				CLANG_WARN_BOOL_CONVERSION = YES;
				CLANG_WARN_CONSTANT_CONVERSION = YES;
				CLANG_WARN_DIRECT_OBJC_ISA_USAGE = YES_ERROR;
				CLANG_WARN_DOCUMENTATION_COMMENTS = YES;
				CLANG_WARN_EMPTY_BODY = YES;
				CLANG_WARN_ENUM_CONVERSION = YES;
				CLANG_WARN_INFINITE_RECURSION = YES;
				CLANG_WARN_INT_CONVERSION = YES;
				CLANG_WARN_OBJC_ROOT_CLASS = YES_ERROR;
				CLANG_WARN_SUSPICIOUS_MOVE = YES;
				CLANG_WARN_UNREACHABLE_CODE = YES;
				CLANG_WARN__DUPLICATE_METHOD_MATCH = YES;
				"CODE_SIGN_IDENTITY[sdk=iphoneos*]" = "iPhone Developer";
				COPY_PHASE_STRIP = NO;
				DEBUG_INFORMATION_FORMAT = "dwarf-with-dsym";
				ENABLE_NS_ASSERTIONS = NO;
				ENABLE_STRICT_OBJC_MSGSEND = YES;
				GCC_C_LANGUAGE_STANDARD = gnu99;
				GCC_NO_COMMON_BLOCKS = YES;
				GCC_WARN_64_TO_32_BIT_CONVERSION = YES;
				GCC_WARN_ABOUT_RETURN_TYPE = YES_ERROR;
				GCC_WARN_UNDECLARED_SELECTOR = YES;
				GCC_WARN_UNINITIALIZED_AUTOS = YES_AGGRESSIVE;
				GCC_WARN_UNUSED_FUNCTION = YES;
				GCC_WARN_UNUSED_VARIABLE = YES;
				IPHONEOS_DEPLOYMENT_TARGET = 10.3;
				MTL_ENABLE_DEBUG_INFO = NO;
				SDKROOT = iphoneos;
				SWIFT_OPTIMIZATION_LEVEL = "-Owholemodule";
				TARGETED_DEVICE_FAMILY = "1,2";
				VALIDATE_PRODUCT = YES;
			};
			name = Release;
		};
		214FEBBC1F3371CB00BC322D /* Debug */ = {
			isa = XCBuildConfiguration;
			buildSettings = {
				ASSETCATALOG_COMPILER_APPICON_NAME = AppIcon;
				DEVELOPMENT_TEAM = 77PRV5J86U;
				INFOPLIST_FILE = MiraclePills/Info.plist;
				LD_RUNPATH_SEARCH_PATHS = "$(inherited) @executable_path/Frameworks";
				PRODUCT_BUNDLE_IDENTIFIER = belma.ibrahimbas.constraints.20170208.MiraclePills;
				PRODUCT_NAME = "$(TARGET_NAME)";
				SWIFT_VERSION = 3.0;
			};
			name = Debug;
		};
		214FEBBD1F3371CB00BC322D /* Release */ = {
			isa = XCBuildConfiguration;
			buildSettings = {
				ASSETCATALOG_COMPILER_APPICON_NAME = AppIcon;
				DEVELOPMENT_TEAM = 77PRV5J86U;
				INFOPLIST_FILE = MiraclePills/Info.plist;
				LD_RUNPATH_SEARCH_PATHS = "$(inherited) @executable_path/Frameworks";
				PRODUCT_BUNDLE_IDENTIFIER = belma.ibrahimbas.constraints.20170208.MiraclePills;
				PRODUCT_NAME = "$(TARGET_NAME)";
				SWIFT_VERSION = 3.0;
			};
			name = Release;
		};
/* End XCBuildConfiguration section */

/* Begin XCConfigurationList section */
		214FEBA41F3371CB00BC322D /* Build configuration list for PBXProject "MiraclePills" */ = {
			isa = XCConfigurationList;
			buildConfigurations = (
				214FEBB91F3371CB00BC322D /* Debug */,
				214FEBBA1F3371CB00BC322D /* Release */,
			);
			defaultConfigurationIsVisible = 0;
			defaultConfigurationName = Release;
		};
		214FEBBB1F3371CB00BC322D /* Build configuration list for PBXNativeTarget "MiraclePills" */ = {
			isa = XCConfigurationList;
			buildConfigurations = (
				214FEBBC1F3371CB00BC322D /* Debug */,
				214FEBBD1F3371CB00BC322D /* Release */,
			);
			defaultConfigurationIsVisible = 0;
		};
/* End XCConfigurationList section */
	};
	rootObject = 214FEBA11F3371CB00BC322D /* Project object */;
}
